
Microsoft Visual Studio Solution File, Format Version 12.00
# Visual Studio 15
VisualStudioVersion = 15.0.27703.2047
MinimumVisualStudioVersion = 10.0.40219.1
Project("{FAE04EC0-301F-11D3-BF4B-00C04F79EFBC}") = "GenerateDatabaseSchemaScript", "GenerateDatabaseSchemaScript\GenerateDatabaseSchemaScript.csproj", "{9EE0FC4D-8430-4A0A-9ACF-1632B8588CA0}"
EndProject
Project("{FAE04EC0-301F-11D3-BF4B-00C04F79EFBC}") = "GenerateMetaRunner", "GenerateMetaRunner\GenerateMetaRunner.csproj", "{BF01526C-1A4E-41B0-93EF-229709BD3A6D}"
EndProject
Global
	GlobalSection(SolutionConfigurationPlatforms) = preSolution
		Debug|Any CPU = Debug|Any CPU
		Release|Any CPU = Release|Any CPU
	EndGlobalSection
	GlobalSection(ProjectConfigurationPlatforms) = postSolution
		{9EE0FC4D-8430-4A0A-9ACF-1632B8588CA0}.Debug|Any CPU.ActiveCfg = Debug|Any CPU
		{9EE0FC4D-8430-4A0A-9ACF-1632B8588CA0}.Debug|Any CPU.Build.0 = Debug|Any CPU
		{9EE0FC4D-8430-4A0A-9ACF-1632B8588CA0}.Release|Any CPU.ActiveCfg = Release|Any CPU
		{9EE0FC4D-8430-4A0A-9ACF-1632B8588CA0}.Release|Any CPU.Build.0 = Release|Any CPU
		{BF01526C-1A4E-41B0-93EF-229709BD3A6D}.Debug|Any CPU.ActiveCfg = Debug|Any CPU
		{BF01526C-1A4E-41B0-93EF-229709BD3A6D}.Debug|Any CPU.Build.0 = Debug|Any CPU
		{BF01526C-1A4E-41B0-93EF-229709BD3A6D}.Release|Any CPU.ActiveCfg = Release|Any CPU
		{BF01526C-1A4E-41B0-93EF-229709BD3A6D}.Release|Any CPU.Build.0 = Release|Any CPU
	EndGlobalSection
	GlobalSection(SolutionProperties) = preSolution
		HideSolutionNode = FALSE
	EndGlobalSection
	GlobalSection(ExtensibilityGlobals) = postSolution
		SolutionGuid = {79C43503-7DD6-41CC-A7C1-2613C9E93B69}
	EndGlobalSection
EndGlobal
